[{<<"goldrush">>,
  {git,"https://github.com/basho/goldrush.git",
       {ref,"8f1b715d36b650ec1e1f5612c00e28af6ab0de82"}},
  1},
 {<<"lager">>,
  {git,"https://github.com/erlang-lager/lager",
       {ref,"81eaef0ce98fdbf64ab95665e3bc2ec4b24c7dac"}},
  0},
 {<<"riak_ensemble">>,
  {git,"https://github.com/getong/riak_ensemble_ng",
       {ref,"400a4da1c0c561aa49bb5d6c67dba2ed92a064ab"}},
  0}].
