[{<<"cuttlefish">>,
  {git,"https://github.com/basho/cuttlefish.git",
       {ref,"01be3bc6e1657ca06e4125efda6a4b29f4e68889"}},
  2},
 {<<"eleveldb">>,
  {git,"https://github.com/basho/eleveldb",
       {ref,"62f0c73203c2cb6d6dde219202f90a8b4dece0e6"}},
  1},
 {<<"getopt">>,
  {git,"https://github.com/basho/getopt.git",
       {ref,"388dc95caa7fb97ec7db8cfc39246a36aba61bd8"}},
  3},
 {<<"goldrush">>,
  {git,"https://github.com/basho/goldrush.git",
       {ref,"8f1b715d36b650ec1e1f5612c00e28af6ab0de82"}},
  1},
 {<<"lager">>,
  {git,"https://github.com/erlang-lager/lager",
       {ref,"81eaef0ce98fdbf64ab95665e3bc2ec4b24c7dac"}},
  0},
 {<<"msgpack">>,
  {git,"https://github.com/basho/msgpack-erlang.git",
       {ref,"2834fb1b4bf42123e3ff0d95df3696f1dcc69cab"}},
  2},
 {<<"neotoma">>,
  {git,"https://github.com/basho/neotoma.git",
       {ref,"6ac6007c7713712a80096de5c7cdf5b85b01374e"}},
  3},
 {<<"riak_ensemble">>,
  {git,"https://github.com/getong/riak_ensemble_ng",
       {ref,"d12e8b6e2c2c927b310b56c6db300e18d489bab7"}},
  0}].
